{
  "nodes": {
    "brew-src": {
      "flake": false,
      "locked": {
        "lastModified": 1731323744,
        "narHash": "sha256-SxUQm4cTHcaoPQHoXe26ZV8cZiMWBGow8MjE4L+MckM=",
        "owner": "Homebrew",
        "repo": "brew",
        "rev": "254bf3fe9d8fa2e1b2fb55dbcf535b2d870180c4",
        "type": "github"
      },
      "original": {
        "owner": "Homebrew",
        "ref": "4.4.5",
        "repo": "brew",
        "type": "github"
      }
    },
    "flake-compat": {
      "flake": false,
      "locked": {
        "lastModified": 1696426674,
        "narHash": "sha256-kvjfFW7WAETZlt09AgDn1MrtKzP7t90Vf7vypd3OL1U=",
        "owner": "edolstra",
        "repo": "flake-compat",
        "rev": "0f9255e01c2351cc7d116c072cb317785dd33b33",
        "type": "github"
      },
      "original": {
        "owner": "edolstra",
        "repo": "flake-compat",
        "type": "github"
      }
    },
    "flake-utils": {
      "inputs": {
        "systems": "systems"
      },
      "locked": {
        "lastModified": 1710146030,
        "narHash": "sha256-SZ5L6eA7HJ/nmkzGG7/ISclqe6oZdOZTNoesiInkXPQ=",
        "owner": "numtide",
        "repo": "flake-utils",
        "rev": "b1d9ab70662946ef0850d488da1c9019f3a9752a",
        "type": "github"
      },
      "original": {
        "owner": "numtide",
        "repo": "flake-utils",
        "type": "github"
      }
    },
    "home-manager": {
      "inputs": {
        "nixpkgs": [
          "nixpkgs"
        ]
      },
      "locked": {
        "lastModified": 1737221749,
        "narHash": "sha256-igllW0yG+UbetvhT11jnt9RppSHXYgMykYhZJeqfHs0=",
        "owner": "nix-community",
        "repo": "home-manager",
        "rev": "97d7946b5e107dd03cc82f21165251d4e0159655",
        "type": "github"
      },
      "original": {
        "owner": "nix-community",
        "repo": "home-manager",
        "type": "github"
      }
    },
    "homebrew-bundle": {
      "flake": false,
      "locked": {
        "lastModified": 1737050282,
        "narHash": "sha256-vnRCov6oOBJa2WNtJ2q2dyT6OQy1YhQougoqJA3+uus=",
        "owner": "homebrew",
        "repo": "homebrew-bundle",
        "rev": "260cb2381420dbdce0e716c80083aee1d05b8b07",
        "type": "github"
      },
      "original": {
        "owner": "homebrew",
        "repo": "homebrew-bundle",
        "type": "github"
      }
    },
    "homebrew-cask": {
      "flake": false,
      "locked": {
        "lastModified": 1737250531,
        "narHash": "sha256-HxigzqANsWAExeuvCv60hOCx52tNCQMZSpa+efLDGwg=",
        "owner": "homebrew",
        "repo": "homebrew-cask",
        "rev": "389c665727c83658d5760356aa17d7c05ed64d5e",
        "type": "github"
      },
      "original": {
        "owner": "homebrew",
        "repo": "homebrew-cask",
        "type": "github"
      }
    },
    "homebrew-core": {
      "flake": false,
      "locked": {
        "lastModified": 1737255686,
        "narHash": "sha256-5qnGpFs3YP7iIibAdeiKsKHoLE4YzKTALDeXnUyuEAY=",
        "owner": "homebrew",
        "repo": "homebrew-core",
        "rev": "5feb1b94d5cdaabab1895a6393f92a667e9159f4",
        "type": "github"
      },
      "original": {
        "owner": "homebrew",
        "repo": "homebrew-core",
        "type": "github"
      }
    },
    "kegworks": {
      "flake": false,
      "locked": {
        "lastModified": 1737086360,
        "narHash": "sha256-hlR3bzQoVwFBZqjo/dH4rPgQNADGWBz+oEoJB0e/66Q=",
        "owner": "gcenx",
        "repo": "homebrew-wine",
        "rev": "f94a82c27ab21af4e00c723cf79598423dabeb64",
        "type": "github"
      },
      "original": {
        "owner": "gcenx",
        "repo": "homebrew-wine",
        "type": "github"
      }
    },
    "nh": {
      "inputs": {
        "nixpkgs": [
          "nixpkgs"
        ]
      },
      "locked": {
        "lastModified": 1736755595,
        "narHash": "sha256-MCUsaDZVi2FCVvLPXkekq5i1BxTX/5zyLLEJDFX1u5Y=",
        "owner": "viperML",
        "repo": "nh",
        "rev": "f4da5cf5af09e01a0177e889aa6fc682c6176a67",
        "type": "github"
      },
      "original": {
        "owner": "viperML",
        "repo": "nh",
        "type": "github"
      }
    },
    "nix-darwin": {
      "inputs": {
        "nixpkgs": [
          "nixpkgs"
        ]
      },
      "locked": {
        "lastModified": 1737162735,
        "narHash": "sha256-5T+HkouTMGaRm0rh3kgD4Z1O7ONKfgjyoPQH5rSyreU=",
        "owner": "LnL7",
        "repo": "nix-darwin",
        "rev": "87131f51f8256952d1a306b5521cedc2dc61aa08",
        "type": "github"
      },
      "original": {
        "owner": "LnL7",
        "repo": "nix-darwin",
        "type": "github"
      }
    },
    "nix-darwin_2": {
      "inputs": {
        "nixpkgs": "nixpkgs"
      },
      "locked": {
        "lastModified": 1716329735,
        "narHash": "sha256-ap51w+VqG21vuzyQ04WrhI2YbWHd3UGz0e7dc/QQmoA=",
        "owner": "LnL7",
        "repo": "nix-darwin",
        "rev": "eac4f25028c1975a939c8f8fba95c12f8a25e01c",
        "type": "github"
      },
      "original": {
        "owner": "LnL7",
        "repo": "nix-darwin",
        "type": "github"
      }
    },
    "nix-homebrew": {
      "inputs": {
        "brew-src": "brew-src",
        "nix-darwin": "nix-darwin_2",
        "nixpkgs": [
          "nixpkgs"
        ]
      },
      "locked": {
        "lastModified": 1736041957,
        "narHash": "sha256-Kk/cVtkxwfHNoB6nINUarMLTtyAEvH+ohzxKBptMzzg=",
        "owner": "zhaofengli-wip",
        "repo": "nix-homebrew",
        "rev": "a6d99cc7436fc18c097b3536d9c45c0548c694c8",
        "type": "github"
      },
      "original": {
        "owner": "zhaofengli-wip",
        "repo": "nix-homebrew",
        "type": "github"
      }
    },
    "nix-index-database": {
      "inputs": {
        "nixpkgs": [
          "nixpkgs"
        ]
      },
      "locked": {
        "lastModified": 1736652904,
        "narHash": "sha256-8uolHABgroXqzs03QdulHp8H9e5kWQZnnhcda1MKbBM=",
        "owner": "nix-community",
        "repo": "nix-index-database",
        "rev": "271e5bd7c57e1f001693799518b10a02d1123b12",
        "type": "github"
      },
      "original": {
        "owner": "nix-community",
        "repo": "nix-index-database",
        "type": "github"
      }
    },
    "nix-vscode-extensions": {
      "inputs": {
        "flake-compat": "flake-compat",
        "flake-utils": "flake-utils",
        "nixpkgs": [
          "nixpkgs"
        ]
      },
      "locked": {
        "lastModified": 1737251504,
        "narHash": "sha256-ge1YQWQ94AqPvqN8yKSYe842et8JnN5gbr/f/w3EFtI=",
        "owner": "nix-community",
        "repo": "nix-vscode-extensions",
        "rev": "cc90a15fc1ff395d3caa4186478aff011d2b88de",
        "type": "github"
      },
      "original": {
        "owner": "nix-community",
        "repo": "nix-vscode-extensions",
        "type": "github"
      }
    },
    "nixpkgs": {
      "locked": {
        "lastModified": 1687274257,
        "narHash": "sha256-TutzPriQcZ8FghDhEolnHcYU2oHIG5XWF+/SUBNnAOE=",
        "path": "/nix/store/22qgs3skscd9bmrxv9xv4q5d4wwm5ppx-source",
        "rev": "2c9ecd1f0400076a4d6b2193ad468ff0a7e7fdc5",
        "type": "path"
      },
      "original": {
        "id": "nixpkgs",
        "type": "indirect"
      }
    },
    "nixpkgs-24_11": {
      "locked": {
        "lastModified": 1737077867,
        "narHash": "sha256-+VpCgelbCgJvxos+4sAVaKfwYRKrkflsWcYVOhG0mXg=",
        "owner": "NixOS",
        "repo": "nixpkgs",
        "rev": "0ab8bdef1a34b67d2ecc8f86763cbb3cb5297699",
        "type": "github"
      },
      "original": {
        "owner": "NixOS",
        "ref": "nixpkgs-24.11-darwin",
        "repo": "nixpkgs",
        "type": "github"
      }
    },
    "nixpkgs_2": {
      "locked": {
        "lastModified": 1737003892,
        "narHash": "sha256-RCzJE9wKByLCXmRBp+z8LK9EgdW+K+W/DXnJS4S/NVo=",
        "owner": "NixOS",
        "repo": "nixpkgs",
        "rev": "ae06b9c2d83cb5c8b12d7d0e32692e93d1379713",
        "type": "github"
      },
      "original": {
        "owner": "NixOS",
        "ref": "nixpkgs-unstable",
        "repo": "nixpkgs",
        "type": "github"
      }
    },
    "pinentry-touchid": {
      "flake": false,
      "locked": {
        "lastModified": 1659632777,
        "narHash": "sha256-UYDGOSuC0myzp5jb03xCiqE+nMMMHIZ3eWiM83hVPKA=",
        "owner": "jorgelbg",
        "repo": "homebrew-tap",
        "rev": "95c37690b5a0a97c290ccace9f35068e7a222da8",
        "type": "github"
      },
      "original": {
        "owner": "jorgelbg",
        "repo": "homebrew-tap",
        "type": "github"
      }
    },
    "root": {
      "inputs": {
        "home-manager": "home-manager",
        "homebrew-bundle": "homebrew-bundle",
        "homebrew-cask": "homebrew-cask",
        "homebrew-core": "homebrew-core",
        "kegworks": "kegworks",
        "nh": "nh",
        "nix-darwin": "nix-darwin",
        "nix-homebrew": "nix-homebrew",
        "nix-index-database": "nix-index-database",
        "nix-vscode-extensions": "nix-vscode-extensions",
        "nixpkgs": "nixpkgs_2",
        "nixpkgs-24_11": "nixpkgs-24_11",
        "pinentry-touchid": "pinentry-touchid",
        "sops-nix": "sops-nix"
      }
    },
    "sops-nix": {
      "inputs": {
        "nixpkgs": [
          "nixpkgs"
        ]
      },
      "locked": {
        "lastModified": 1737107480,
        "narHash": "sha256-GXUE9+FgxoZU8v0p6ilBJ8NH7k8nKmZjp/7dmMrCv3o=",
        "owner": "Mic92",
        "repo": "sops-nix",
        "rev": "4c4fb93f18b9072c6fa1986221f9a3d7bf1fe4b6",
        "type": "github"
      },
      "original": {
        "owner": "Mic92",
        "repo": "sops-nix",
        "type": "github"
      }
    },
    "systems": {
      "locked": {
        "lastModified": 1681028828,
        "narHash": "sha256-Vy1rq5AaRuLzOxct8nz4T6wlgyUR7zLU309k9mBC768=",
        "owner": "nix-systems",
        "repo": "default",
        "rev": "da67096a3b9bf56a91d16901293e51ba5b49a27e",
        "type": "github"
      },
      "original": {
        "owner": "nix-systems",
        "repo": "default",
        "type": "github"
      }
    }
  },
  "root": "root",
  "version": 7
}
