{
  "nodes": {
    "brew-src": {
      "flake": false,
      "locked": {
        "lastModified": 1742457334,
        "narHash": "sha256-Gn7ruyb3NDFr+SsHBfA2NsJI8YkkWdECqLRj/xcjt+E=",
        "owner": "Homebrew",
        "repo": "brew",
        "rev": "f3bd91d3afe086824d24708230e1f0c7f943135a",
        "type": "github"
      },
      "original": {
        "owner": "Homebrew",
        "ref": "4.4.25",
        "repo": "brew",
        "type": "github"
      }
    },
    "flake-utils": {
      "inputs": {
        "systems": "systems"
      },
      "locked": {
        "lastModified": 1731533236,
        "narHash": "sha256-l0KFg5HjrsfsO/JpG+r7fRrqm12kzFHyUHqHCVpMMbI=",
        "owner": "numtide",
        "repo": "flake-utils",
        "rev": "11707dc2f618dd54ca8739b309ec4fc024de578b",
        "type": "github"
      },
      "original": {
        "owner": "numtide",
        "repo": "flake-utils",
        "type": "github"
      }
    },
    "home-manager": {
      "inputs": {
        "nixpkgs": [
          "nixpkgs"
        ]
      },
      "locked": {
        "lastModified": 1742771635,
        "narHash": "sha256-HQHzQPrg+g22tb3/K/4tgJjPzM+/5jbaujCZd8s2Mls=",
        "owner": "nix-community",
        "repo": "home-manager",
        "rev": "ad0614a1ec9cce3b13169e20ceb7e55dfaf2a818",
        "type": "github"
      },
      "original": {
        "owner": "nix-community",
        "repo": "home-manager",
        "type": "github"
      }
    },
    "homebrew-cask": {
      "flake": false,
      "locked": {
        "lastModified": 1743750715,
        "narHash": "sha256-PSQDkC/T+Oq//qrQBf8VbJL2J6jdxprLib0buQnriG4=",
        "owner": "homebrew",
        "repo": "homebrew-cask",
        "rev": "6be286f181e47e762da6372aaa8077b7c71692f5",
        "type": "github"
      },
      "original": {
        "owner": "homebrew",
        "repo": "homebrew-cask",
        "type": "github"
      }
    },
    "homebrew-core": {
      "flake": false,
      "locked": {
        "lastModified": 1742807043,
        "narHash": "sha256-5w97oqoxP/L/NLqcPdCOgdQsTKcSMfq0WJ9H8LT+Z5U=",
        "owner": "homebrew",
        "repo": "homebrew-core",
        "rev": "eabb7a4d9b686daa52a84ab651fc633381450633",
        "type": "github"
      },
      "original": {
        "owner": "homebrew",
        "repo": "homebrew-core",
        "type": "github"
      }
    },
    "kegworks": {
      "flake": false,
      "locked": {
        "lastModified": 1742606348,
        "narHash": "sha256-O26E+B4nadjos7GocxKbDJlMKGiWSbdpt0cfa55oSNw=",
        "owner": "Kegworks-App",
        "repo": "Kegworks",
        "rev": "a0395b6b755b1a82c4e2cee16fb99bb35eaf1b31",
        "type": "github"
      },
      "original": {
        "owner": "Kegworks-App",
        "repo": "Kegworks",
        "type": "github"
      }
    },
    "nh": {
      "inputs": {
        "nixpkgs": [
          "nixpkgs"
        ]
      },
      "locked": {
        "lastModified": 1741336922,
        "narHash": "sha256-ahECQuhpwRKp0TcBsE1rsHlm6t+mUllMojORXmgBcC4=",
        "owner": "viperML",
        "repo": "nh",
        "rev": "509dd6c96eefa11e7324f475a86ff4ea447987b7",
        "type": "github"
      },
      "original": {
        "owner": "viperML",
        "repo": "nh",
        "type": "github"
      }
    },
    "nix-darwin": {
      "inputs": {
        "nixpkgs": [
          "nixpkgs"
        ]
      },
      "locked": {
        "lastModified": 1742741935,
        "narHash": "sha256-ZCNvPYWkL9hxzgWn1gmYCZItqBU4ujsWjwWNpcwCjfQ=",
        "owner": "LnL7",
        "repo": "nix-darwin",
        "rev": "ebb88c3428dcdd95c06dca4d49b9791a65ab777b",
        "type": "github"
      },
      "original": {
        "owner": "LnL7",
        "repo": "nix-darwin",
        "type": "github"
      }
    },
    "nix-darwin_2": {
      "inputs": {
        "nixpkgs": "nixpkgs"
      },
      "locked": {
        "lastModified": 1716329735,
        "narHash": "sha256-ap51w+VqG21vuzyQ04WrhI2YbWHd3UGz0e7dc/QQmoA=",
        "owner": "LnL7",
        "repo": "nix-darwin",
        "rev": "eac4f25028c1975a939c8f8fba95c12f8a25e01c",
        "type": "github"
      },
      "original": {
        "owner": "LnL7",
        "repo": "nix-darwin",
        "type": "github"
      }
    },
    "nix-homebrew": {
      "inputs": {
        "brew-src": "brew-src",
        "nix-darwin": "nix-darwin_2",
        "nixpkgs": [
          "nixpkgs"
        ]
      },
      "locked": {
        "lastModified": 1742619394,
        "narHash": "sha256-8uwIBjbKxeJ7u0VACSNs634HwtgRLxP6/+cIkUXmuyI=",
        "owner": "zhaofengli-wip",
        "repo": "nix-homebrew",
        "rev": "04b0536479d2d2e8d71dc8c8ee97c2b61f0c9987",
        "type": "github"
      },
      "original": {
        "owner": "zhaofengli-wip",
        "repo": "nix-homebrew",
        "type": "github"
      }
    },
    "nix-index-database": {
      "inputs": {
        "nixpkgs": [
          "nixpkgs"
        ]
      },
      "locked": {
        "lastModified": 1742701275,
        "narHash": "sha256-AulwPVrS9859t+eJ61v24wH/nfBEIDSXYxlRo3fL/SA=",
        "owner": "nix-community",
        "repo": "nix-index-database",
        "rev": "36dc43cb50d5d20f90a28d53abb33a32b0a2aae6",
        "type": "github"
      },
      "original": {
        "owner": "nix-community",
        "repo": "nix-index-database",
        "type": "github"
      }
    },
    "nix-vscode-extensions": {
      "inputs": {
        "flake-utils": "flake-utils",
        "nixpkgs": [
          "nixpkgs"
        ]
      },
      "locked": {
        "lastModified": 1742781383,
        "narHash": "sha256-g+TAGMNkJ669vLl6nq4O0aHNa/KT4H2g8e3kzDmnssk=",
        "owner": "nix-community",
        "repo": "nix-vscode-extensions",
        "rev": "8d45d9226f50d7affbe1052d8b15591796445214",
        "type": "github"
      },
      "original": {
        "owner": "nix-community",
        "repo": "nix-vscode-extensions",
        "type": "github"
      }
    },
    "nixpkgs": {
      "locked": {
        "lastModified": 1687274257,
        "narHash": "sha256-TutzPriQcZ8FghDhEolnHcYU2oHIG5XWF+/SUBNnAOE=",
        "path": "/nix/store/22qgs3skscd9bmrxv9xv4q5d4wwm5ppx-source",
        "rev": "2c9ecd1f0400076a4d6b2193ad468ff0a7e7fdc5",
        "type": "path"
      },
      "original": {
        "id": "nixpkgs",
        "type": "indirect"
      }
    },
    "nixpkgs-24_11": {
      "locked": {
        "lastModified": 1742700192,
        "narHash": "sha256-UlGFMAX7kGEH77qE79ZNC1N7DGBEhH+eMMbGQtvzUes=",
        "owner": "NixOS",
        "repo": "nixpkgs",
        "rev": "e8a44f32c46444d45482e6f962b52dc21ba91281",
        "type": "github"
      },
      "original": {
        "owner": "NixOS",
        "ref": "nixpkgs-24.11-darwin",
        "repo": "nixpkgs",
        "type": "github"
      }
    },
    "nixpkgs_2": {
      "locked": {
        "lastModified": 1742707865,
        "narHash": "sha256-RVQQZy38O3Zb8yoRJhuFgWo/iDIDj0hEdRTVfhOtzRk=",
        "owner": "NixOS",
        "repo": "nixpkgs",
        "rev": "dd613136ee91f67e5dba3f3f41ac99ae89c5406b",
        "type": "github"
      },
      "original": {
        "owner": "NixOS",
        "ref": "nixpkgs-unstable",
        "repo": "nixpkgs",
        "type": "github"
      }
    },
    "pinentry-touchid": {
      "flake": false,
      "locked": {
        "lastModified": 1659632777,
        "narHash": "sha256-UYDGOSuC0myzp5jb03xCiqE+nMMMHIZ3eWiM83hVPKA=",
        "owner": "jorgelbg",
        "repo": "homebrew-tap",
        "rev": "95c37690b5a0a97c290ccace9f35068e7a222da8",
        "type": "github"
      },
      "original": {
        "owner": "jorgelbg",
        "repo": "homebrew-tap",
        "type": "github"
      }
    },
    "root": {
      "inputs": {
        "home-manager": "home-manager",
        "homebrew-cask": "homebrew-cask",
        "homebrew-core": "homebrew-core",
        "kegworks": "kegworks",
        "nh": "nh",
        "nix-darwin": "nix-darwin",
        "nix-homebrew": "nix-homebrew",
        "nix-index-database": "nix-index-database",
        "nix-vscode-extensions": "nix-vscode-extensions",
        "nixpkgs": "nixpkgs_2",
        "nixpkgs-24_11": "nixpkgs-24_11",
        "pinentry-touchid": "pinentry-touchid",
        "sops-nix": "sops-nix"
      }
    },
    "sops-nix": {
      "inputs": {
        "nixpkgs": [
          "nixpkgs"
        ]
      },
      "locked": {
        "lastModified": 1742700801,
        "narHash": "sha256-ZGlpUDsuBdeZeTNgoMv+aw0ByXT2J3wkYw9kJwkAS4M=",
        "owner": "Mic92",
        "repo": "sops-nix",
        "rev": "67566fe68a8bed2a7b1175fdfb0697ed22ae8852",
        "type": "github"
      },
      "original": {
        "owner": "Mic92",
        "repo": "sops-nix",
        "type": "github"
      }
    },
    "systems": {
      "locked": {
        "lastModified": 1681028828,
        "narHash": "sha256-Vy1rq5AaRuLzOxct8nz4T6wlgyUR7zLU309k9mBC768=",
        "owner": "nix-systems",
        "repo": "default",
        "rev": "da67096a3b9bf56a91d16901293e51ba5b49a27e",
        "type": "github"
      },
      "original": {
        "owner": "nix-systems",
        "repo": "default",
        "type": "github"
      }
    }
  },
  "root": "root",
  "version": 7
}
